
Microsoft Visual Studio Solution File, Format Version 12.00
# Visual Studio Version 17
VisualStudioVersion = 17.11.35327.3
MinimumVisualStudioVersion = 10.0.40219.1
Project("{9A19103F-16F7-4668-BE54-9A1E7A4F7556}") = "T2-PR2-ConsoleApp", "T2-PR2-ConsoleApp\T2-PR2-ConsoleApp.csproj", "{8EF2FDA0-A3BC-465D-A225-100BC12FA433}"
EndProject
Project("{FAE04EC0-301F-11D3-BF4B-00C04F79EFBC}") = "T2-PR2-ClassLibrary", "T2-PR2-ClassLibrary\T2-PR2-ClassLibrary.csproj", "{661A8B45-F131-4A4F-A5CF-5FB02923691C}"
EndProject
Project("{FAE04EC0-301F-11D3-BF4B-00C04F79EFBC}") = "T2-PR2-MSTest", "T2-PR2-MSTest\T2-PR2-MSTest.csproj", "{C435C2DD-37E2-4994-9BE7-F016EB4BF5A2}"
EndProject
Project("{FAE04EC0-301F-11D3-BF4B-00C04F79EFBC}") = "T2-PR2-xUnit Test", "T2-PR2-xUnit Test\T2-PR2-xUnit Test.csproj", "{ACD7EF67-6060-4076-9F2A-4AE1C60429D8}"
EndProject
Global
	GlobalSection(SolutionConfigurationPlatforms) = preSolution
		Debug|Any CPU = Debug|Any CPU
		Release|Any CPU = Release|Any CPU
	EndGlobalSection
	GlobalSection(ProjectConfigurationPlatforms) = postSolution
		{8EF2FDA0-A3BC-465D-A225-100BC12FA433}.Debug|Any CPU.ActiveCfg = Debug|Any CPU
		{8EF2FDA0-A3BC-465D-A225-100BC12FA433}.Debug|Any CPU.Build.0 = Debug|Any CPU
		{8EF2FDA0-A3BC-465D-A225-100BC12FA433}.Release|Any CPU.ActiveCfg = Release|Any CPU
		{8EF2FDA0-A3BC-465D-A225-100BC12FA433}.Release|Any CPU.Build.0 = Release|Any CPU
		{661A8B45-F131-4A4F-A5CF-5FB02923691C}.Debug|Any CPU.ActiveCfg = Debug|Any CPU
		{661A8B45-F131-4A4F-A5CF-5FB02923691C}.Debug|Any CPU.Build.0 = Debug|Any CPU
		{661A8B45-F131-4A4F-A5CF-5FB02923691C}.Release|Any CPU.ActiveCfg = Release|Any CPU
		{661A8B45-F131-4A4F-A5CF-5FB02923691C}.Release|Any CPU.Build.0 = Release|Any CPU
		{C435C2DD-37E2-4994-9BE7-F016EB4BF5A2}.Debug|Any CPU.ActiveCfg = Debug|Any CPU
		{C435C2DD-37E2-4994-9BE7-F016EB4BF5A2}.Debug|Any CPU.Build.0 = Debug|Any CPU
		{C435C2DD-37E2-4994-9BE7-F016EB4BF5A2}.Release|Any CPU.ActiveCfg = Release|Any CPU
		{C435C2DD-37E2-4994-9BE7-F016EB4BF5A2}.Release|Any CPU.Build.0 = Release|Any CPU
		{ACD7EF67-6060-4076-9F2A-4AE1C60429D8}.Debug|Any CPU.ActiveCfg = Debug|Any CPU
		{ACD7EF67-6060-4076-9F2A-4AE1C60429D8}.Debug|Any CPU.Build.0 = Debug|Any CPU
		{ACD7EF67-6060-4076-9F2A-4AE1C60429D8}.Release|Any CPU.ActiveCfg = Release|Any CPU
		{ACD7EF67-6060-4076-9F2A-4AE1C60429D8}.Release|Any CPU.Build.0 = Release|Any CPU
	EndGlobalSection
	GlobalSection(SolutionProperties) = preSolution
		HideSolutionNode = FALSE
	EndGlobalSection
	GlobalSection(ExtensibilityGlobals) = postSolution
		SolutionGuid = {0D37C176-4649-4D57-B9CA-26C2D3A07A35}
	EndGlobalSection
EndGlobal
